{
  "version": 4,
  "terraform_version": "1.0.0",
  "serial": 10,
  "lineage": "edcefecc-1f59-2636-89ab-5009c72b5566",
  "outputs": {},
  "resources": [
    {
      "mode": "data",
      "type": "template_file",
      "name": "user_data",
      "provider": "provider[\"registry.terraform.io/hashicorp/template\"]",
      "instances": [
        {
          "index_key": "ceph-node-01",
          "schema_version": 0,
          "attributes": {
            "filename": null,
            "id": "b07b62de03172af3fa19313a1e69049789bb4ca37a507c6aea38d34aba0a8496",
            "rendered": "#cloud-config\nssh_authorized_keys:\n    - ssh-rsa AAAAB3NzaC1yc2EAAAABJQAAAQEAlUaidCe15lh3lDdKDAIvZn5IJR+hqraU6YtEmYnfFi1SDRc2RKPgci+qL3wBpi2kiCefY/+Xwz31/XApKB2mxB6HYHyjNMBClSVvTG/JoADcHUk/qjfJ+PPbl2//lK8TVU8y78F4dv7AXJrPDXYJD6iERPT5+Fgo6SYC9d1tG7iyTHGlpSjUhK9wuc7rtumz7A1NA5Ah4yyCuZfHtmsLHPgwfGZYBbMET5HwR0sDW0jazeSYS4Ob/nb77cETGSWpAuRXo0PHDVVmKd/sp6e0y2iBrb3AiZd0Ty1gRH7R12B4bgBP7yII/3RTav2XSYxMHQ6quSW08JJlnhezC20Aww== rsa-key-20150723\n\nhostname: ceph-node-01\nfqdn: ceph-node-01.synchrotel.ru\nmanage_etc_hosts: false\n\ntimezone: Europe/Moscow\n\npackages:\n    - python3-minimal\n    - qemu-guest-agent\n\nruncmd:\n  - [ systemctl, daemon-reload ]\n  - [ systemctl, enable, qemu-guest-agent.service ]\n  - [ systemctl, start, qemu-guest-agent.service ]\n",
            "template": "#cloud-config\nssh_authorized_keys:\n    - ${pubkey}\n\nhostname: ${hostname}\nfqdn: ${fqdn}\nmanage_etc_hosts: false\n\ntimezone: Europe/Moscow\n\npackages:\n    - python3-minimal\n    - qemu-guest-agent\n\nruncmd:\n  - [ systemctl, daemon-reload ]\n  - [ systemctl, enable, qemu-guest-agent.service ]\n  - [ systemctl, start, qemu-guest-agent.service ]\n",
            "vars": {
              "fqdn": "ceph-node-01.synchrotel.ru",
              "hostname": "ceph-node-01",
              "pubkey": "ssh-rsa AAAAB3NzaC1yc2EAAAABJQAAAQEAlUaidCe15lh3lDdKDAIvZn5IJR+hqraU6YtEmYnfFi1SDRc2RKPgci+qL3wBpi2kiCefY/+Xwz31/XApKB2mxB6HYHyjNMBClSVvTG/JoADcHUk/qjfJ+PPbl2//lK8TVU8y78F4dv7AXJrPDXYJD6iERPT5+Fgo6SYC9d1tG7iyTHGlpSjUhK9wuc7rtumz7A1NA5Ah4yyCuZfHtmsLHPgwfGZYBbMET5HwR0sDW0jazeSYS4Ob/nb77cETGSWpAuRXo0PHDVVmKd/sp6e0y2iBrb3AiZd0Ty1gRH7R12B4bgBP7yII/3RTav2XSYxMHQ6quSW08JJlnhezC20Aww== rsa-key-20150723"
            }
          },
          "sensitive_attributes": []
        },
        {
          "index_key": "ceph-node-02",
          "schema_version": 0,
          "attributes": {
            "filename": null,
            "id": "9bc517a725b7600780a211d989d3fde98aca02dbd739803c38b164cad82b0b5f",
            "rendered": "#cloud-config\nssh_authorized_keys:\n    - ssh-rsa AAAAB3NzaC1yc2EAAAABJQAAAQEAlUaidCe15lh3lDdKDAIvZn5IJR+hqraU6YtEmYnfFi1SDRc2RKPgci+qL3wBpi2kiCefY/+Xwz31/XApKB2mxB6HYHyjNMBClSVvTG/JoADcHUk/qjfJ+PPbl2//lK8TVU8y78F4dv7AXJrPDXYJD6iERPT5+Fgo6SYC9d1tG7iyTHGlpSjUhK9wuc7rtumz7A1NA5Ah4yyCuZfHtmsLHPgwfGZYBbMET5HwR0sDW0jazeSYS4Ob/nb77cETGSWpAuRXo0PHDVVmKd/sp6e0y2iBrb3AiZd0Ty1gRH7R12B4bgBP7yII/3RTav2XSYxMHQ6quSW08JJlnhezC20Aww== rsa-key-20150723\n\nhostname: ceph-node-02\nfqdn: ceph-node-02.synchrotel.ru\nmanage_etc_hosts: false\n\ntimezone: Europe/Moscow\n\npackages:\n    - python3-minimal\n    - qemu-guest-agent\n\nruncmd:\n  - [ systemctl, daemon-reload ]\n  - [ systemctl, enable, qemu-guest-agent.service ]\n  - [ systemctl, start, qemu-guest-agent.service ]\n",
            "template": "#cloud-config\nssh_authorized_keys:\n    - ${pubkey}\n\nhostname: ${hostname}\nfqdn: ${fqdn}\nmanage_etc_hosts: false\n\ntimezone: Europe/Moscow\n\npackages:\n    - python3-minimal\n    - qemu-guest-agent\n\nruncmd:\n  - [ systemctl, daemon-reload ]\n  - [ systemctl, enable, qemu-guest-agent.service ]\n  - [ systemctl, start, qemu-guest-agent.service ]\n",
            "vars": {
              "fqdn": "ceph-node-02.synchrotel.ru",
              "hostname": "ceph-node-02",
              "pubkey": "ssh-rsa AAAAB3NzaC1yc2EAAAABJQAAAQEAlUaidCe15lh3lDdKDAIvZn5IJR+hqraU6YtEmYnfFi1SDRc2RKPgci+qL3wBpi2kiCefY/+Xwz31/XApKB2mxB6HYHyjNMBClSVvTG/JoADcHUk/qjfJ+PPbl2//lK8TVU8y78F4dv7AXJrPDXYJD6iERPT5+Fgo6SYC9d1tG7iyTHGlpSjUhK9wuc7rtumz7A1NA5Ah4yyCuZfHtmsLHPgwfGZYBbMET5HwR0sDW0jazeSYS4Ob/nb77cETGSWpAuRXo0PHDVVmKd/sp6e0y2iBrb3AiZd0Ty1gRH7R12B4bgBP7yII/3RTav2XSYxMHQ6quSW08JJlnhezC20Aww== rsa-key-20150723"
            }
          },
          "sensitive_attributes": []
        },
        {
          "index_key": "ceph-node-03",
          "schema_version": 0,
          "attributes": {
            "filename": null,
            "id": "5a75421a562a6e2bee9d7693382c6ac2e32dc2b93bae7fc1500a8bf6f5abd50b",
            "rendered": "#cloud-config\nssh_authorized_keys:\n    - ssh-rsa AAAAB3NzaC1yc2EAAAABJQAAAQEAlUaidCe15lh3lDdKDAIvZn5IJR+hqraU6YtEmYnfFi1SDRc2RKPgci+qL3wBpi2kiCefY/+Xwz31/XApKB2mxB6HYHyjNMBClSVvTG/JoADcHUk/qjfJ+PPbl2//lK8TVU8y78F4dv7AXJrPDXYJD6iERPT5+Fgo6SYC9d1tG7iyTHGlpSjUhK9wuc7rtumz7A1NA5Ah4yyCuZfHtmsLHPgwfGZYBbMET5HwR0sDW0jazeSYS4Ob/nb77cETGSWpAuRXo0PHDVVmKd/sp6e0y2iBrb3AiZd0Ty1gRH7R12B4bgBP7yII/3RTav2XSYxMHQ6quSW08JJlnhezC20Aww== rsa-key-20150723\n\nhostname: ceph-node-03\nfqdn: ceph-node-03.synchrotel.ru\nmanage_etc_hosts: false\n\ntimezone: Europe/Moscow\n\npackages:\n    - python3-minimal\n    - qemu-guest-agent\n\nruncmd:\n  - [ systemctl, daemon-reload ]\n  - [ systemctl, enable, qemu-guest-agent.service ]\n  - [ systemctl, start, qemu-guest-agent.service ]\n",
            "template": "#cloud-config\nssh_authorized_keys:\n    - ${pubkey}\n\nhostname: ${hostname}\nfqdn: ${fqdn}\nmanage_etc_hosts: false\n\ntimezone: Europe/Moscow\n\npackages:\n    - python3-minimal\n    - qemu-guest-agent\n\nruncmd:\n  - [ systemctl, daemon-reload ]\n  - [ systemctl, enable, qemu-guest-agent.service ]\n  - [ systemctl, start, qemu-guest-agent.service ]\n",
            "vars": {
              "fqdn": "ceph-node-03.synchrotel.ru",
              "hostname": "ceph-node-03",
              "pubkey": "ssh-rsa AAAAB3NzaC1yc2EAAAABJQAAAQEAlUaidCe15lh3lDdKDAIvZn5IJR+hqraU6YtEmYnfFi1SDRc2RKPgci+qL3wBpi2kiCefY/+Xwz31/XApKB2mxB6HYHyjNMBClSVvTG/JoADcHUk/qjfJ+PPbl2//lK8TVU8y78F4dv7AXJrPDXYJD6iERPT5+Fgo6SYC9d1tG7iyTHGlpSjUhK9wuc7rtumz7A1NA5Ah4yyCuZfHtmsLHPgwfGZYBbMET5HwR0sDW0jazeSYS4Ob/nb77cETGSWpAuRXo0PHDVVmKd/sp6e0y2iBrb3AiZd0Ty1gRH7R12B4bgBP7yII/3RTav2XSYxMHQ6quSW08JJlnhezC20Aww== rsa-key-20150723"
            }
          },
          "sensitive_attributes": []
        }
      ]
    },
    {
      "mode": "managed",
      "type": "local_file",
      "name": "cloud_init_user_data_file",
      "provider": "provider[\"registry.terraform.io/hashicorp/local\"]",
      "instances": [
        {
          "index_key": "ceph-node-01",
          "schema_version": 0,
          "attributes": {
            "content": "#cloud-config\nssh_authorized_keys:\n    - ssh-rsa AAAAB3NzaC1yc2EAAAABJQAAAQEAlUaidCe15lh3lDdKDAIvZn5IJR+hqraU6YtEmYnfFi1SDRc2RKPgci+qL3wBpi2kiCefY/+Xwz31/XApKB2mxB6HYHyjNMBClSVvTG/JoADcHUk/qjfJ+PPbl2//lK8TVU8y78F4dv7AXJrPDXYJD6iERPT5+Fgo6SYC9d1tG7iyTHGlpSjUhK9wuc7rtumz7A1NA5Ah4yyCuZfHtmsLHPgwfGZYBbMET5HwR0sDW0jazeSYS4Ob/nb77cETGSWpAuRXo0PHDVVmKd/sp6e0y2iBrb3AiZd0Ty1gRH7R12B4bgBP7yII/3RTav2XSYxMHQ6quSW08JJlnhezC20Aww== rsa-key-20150723\n\nhostname: ceph-node-01\nfqdn: ceph-node-01.synchrotel.ru\nmanage_etc_hosts: false\n\ntimezone: Europe/Moscow\n\npackages:\n    - python3-minimal\n    - qemu-guest-agent\n\nruncmd:\n  - [ systemctl, daemon-reload ]\n  - [ systemctl, enable, qemu-guest-agent.service ]\n  - [ systemctl, start, qemu-guest-agent.service ]\n",
            "content_base64": null,
            "directory_permission": "0777",
            "file_permission": "0777",
            "filename": "./cloud-init-configs/user_data_ceph-node-01.cfg",
            "id": "465455d3fd8c3538635cfde7a13fd03f277509ae",
            "sensitive_content": null,
            "source": null
          },
          "sensitive_attributes": [],
          "private": "bnVsbA==",
          "dependencies": [
            "data.template_file.user_data"
          ]
        },
        {
          "index_key": "ceph-node-02",
          "schema_version": 0,
          "attributes": {
            "content": "#cloud-config\nssh_authorized_keys:\n    - ssh-rsa AAAAB3NzaC1yc2EAAAABJQAAAQEAlUaidCe15lh3lDdKDAIvZn5IJR+hqraU6YtEmYnfFi1SDRc2RKPgci+qL3wBpi2kiCefY/+Xwz31/XApKB2mxB6HYHyjNMBClSVvTG/JoADcHUk/qjfJ+PPbl2//lK8TVU8y78F4dv7AXJrPDXYJD6iERPT5+Fgo6SYC9d1tG7iyTHGlpSjUhK9wuc7rtumz7A1NA5Ah4yyCuZfHtmsLHPgwfGZYBbMET5HwR0sDW0jazeSYS4Ob/nb77cETGSWpAuRXo0PHDVVmKd/sp6e0y2iBrb3AiZd0Ty1gRH7R12B4bgBP7yII/3RTav2XSYxMHQ6quSW08JJlnhezC20Aww== rsa-key-20150723\n\nhostname: ceph-node-02\nfqdn: ceph-node-02.synchrotel.ru\nmanage_etc_hosts: false\n\ntimezone: Europe/Moscow\n\npackages:\n    - python3-minimal\n    - qemu-guest-agent\n\nruncmd:\n  - [ systemctl, daemon-reload ]\n  - [ systemctl, enable, qemu-guest-agent.service ]\n  - [ systemctl, start, qemu-guest-agent.service ]\n",
            "content_base64": null,
            "directory_permission": "0777",
            "file_permission": "0777",
            "filename": "./cloud-init-configs/user_data_ceph-node-02.cfg",
            "id": "59e454d06e7a0dc57acfa4670a37662c5099fa18",
            "sensitive_content": null,
            "source": null
          },
          "sensitive_attributes": [],
          "private": "bnVsbA==",
          "dependencies": [
            "data.template_file.user_data"
          ]
        },
        {
          "index_key": "ceph-node-03",
          "schema_version": 0,
          "attributes": {
            "content": "#cloud-config\nssh_authorized_keys:\n    - ssh-rsa AAAAB3NzaC1yc2EAAAABJQAAAQEAlUaidCe15lh3lDdKDAIvZn5IJR+hqraU6YtEmYnfFi1SDRc2RKPgci+qL3wBpi2kiCefY/+Xwz31/XApKB2mxB6HYHyjNMBClSVvTG/JoADcHUk/qjfJ+PPbl2//lK8TVU8y78F4dv7AXJrPDXYJD6iERPT5+Fgo6SYC9d1tG7iyTHGlpSjUhK9wuc7rtumz7A1NA5Ah4yyCuZfHtmsLHPgwfGZYBbMET5HwR0sDW0jazeSYS4Ob/nb77cETGSWpAuRXo0PHDVVmKd/sp6e0y2iBrb3AiZd0Ty1gRH7R12B4bgBP7yII/3RTav2XSYxMHQ6quSW08JJlnhezC20Aww== rsa-key-20150723\n\nhostname: ceph-node-03\nfqdn: ceph-node-03.synchrotel.ru\nmanage_etc_hosts: false\n\ntimezone: Europe/Moscow\n\npackages:\n    - python3-minimal\n    - qemu-guest-agent\n\nruncmd:\n  - [ systemctl, daemon-reload ]\n  - [ systemctl, enable, qemu-guest-agent.service ]\n  - [ systemctl, start, qemu-guest-agent.service ]\n",
            "content_base64": null,
            "directory_permission": "0777",
            "file_permission": "0777",
            "filename": "./cloud-init-configs/user_data_ceph-node-03.cfg",
            "id": "0f3aea59158b24eef6d7378f06aea30b9484df8d",
            "sensitive_content": null,
            "source": null
          },
          "sensitive_attributes": [],
          "private": "bnVsbA==",
          "dependencies": [
            "data.template_file.user_data"
          ]
        }
      ]
    },
    {
      "mode": "managed",
      "type": "null_resource",
      "name": "cloud_init_config_files",
      "provider": "provider[\"registry.terraform.io/hashicorp/null\"]",
      "instances": [
        {
          "index_key": "ceph-node-01",
          "schema_version": 0,
          "attributes": {
            "id": "8373833549955605085",
            "triggers": null
          },
          "sensitive_attributes": [],
          "private": "bnVsbA==",
          "dependencies": [
            "data.template_file.user_data",
            "local_file.cloud_init_user_data_file"
          ]
        },
        {
          "index_key": "ceph-node-02",
          "schema_version": 0,
          "attributes": {
            "id": "5784636488185427378",
            "triggers": null
          },
          "sensitive_attributes": [],
          "private": "bnVsbA==",
          "dependencies": [
            "data.template_file.user_data",
            "local_file.cloud_init_user_data_file"
          ]
        },
        {
          "index_key": "ceph-node-03",
          "schema_version": 0,
          "attributes": {
            "id": "2503048055483504500",
            "triggers": null
          },
          "sensitive_attributes": [],
          "private": "bnVsbA==",
          "dependencies": [
            "data.template_file.user_data",
            "local_file.cloud_init_user_data_file"
          ]
        }
      ]
    },
    {
      "mode": "managed",
      "type": "proxmox_vm_qemu",
      "name": "cloudinit-test",
      "provider": "provider[\"registry.terraform.io/telmate/proxmox\"]",
      "instances": [
        {
          "index_key": "ceph-node-01",
          "schema_version": 0,
          "attributes": {
            "additional_wait": 15,
            "agent": 1,
            "balloon": 0,
            "bios": "seabios",
            "boot": "cdn",
            "bootdisk": "scsi0",
            "bridge": "",
            "ci_wait": null,
            "cicustom": "user=local:snippets/user_data_vm-ceph-node-01.yml",
            "cipassword": "",
            "ciuser": "",
            "clone": "ci-ubuntu-template",
            "clone_wait": 15,
            "cloudinit_cdrom_storage": null,
            "cores": 8,
            "cpu": "host",
            "default_ipv4_address": "192.168.0.45",
            "define_connection_info": true,
            "desc": "{ \"groups\": [\"ceph-node-01\"] }",
            "disk": [
              {
                "backup": 0,
                "cache": "none",
                "discard": "",
                "file": "vm-116-disk-0",
                "format": "raw",
                "iothread": 0,
                "mbps": 0,
                "mbps_rd": 0,
                "mbps_rd_max": 0,
                "mbps_wr": 0,
                "mbps_wr_max": 0,
                "media": "",
                "replicate": 0,
                "size": "20G",
                "slot": 0,
                "ssd": 0,
                "storage": "ceph-storage",
                "storage_type": "rbd",
                "type": "scsi",
                "volume": "ceph-storage:vm-116-disk-0"
              },
              {
                "backup": 0,
                "cache": "none",
                "discard": "",
                "file": "vm-116-disk-1",
                "format": "raw",
                "iothread": 0,
                "mbps": 0,
                "mbps_rd": 0,
                "mbps_rd_max": 0,
                "mbps_wr": 0,
                "mbps_wr_max": 0,
                "media": "",
                "replicate": 0,
                "size": "20G",
                "slot": 1,
                "ssd": 0,
                "storage": "ceph-storage",
                "storage_type": "rbd",
                "type": "scsi",
                "volume": "ceph-storage:vm-116-disk-1"
              }
            ],
            "disk_gb": 0,
            "force_create": false,
            "force_recreate_on_change_of": null,
            "full_clone": true,
            "guest_agent_ready_timeout": 600,
            "hastate": "",
            "hotplug": "network,disk,usb",
            "id": "node1/qemu/116",
            "ipconfig0": "ip=192.168.0.45/24,gw=192.168.0.254",
            "ipconfig1": "",
            "ipconfig2": "",
            "iso": null,
            "kvm": true,
            "mac": "",
            "memory": 4096,
            "name": "ceph-node-01",
            "nameserver": "",
            "network": [
              {
                "bridge": "vmbr0",
                "firewall": false,
                "link_down": false,
                "macaddr": "6E:38:93:C1:AD:80",
                "model": "virtio",
                "queues": 0,
                "rate": 0,
                "tag": 4
              }
            ],
            "nic": "",
            "numa": false,
            "onboot": true,
            "os_network_config": null,
            "os_type": "cloud-init",
            "pool": "",
            "preprovision": true,
            "qemu_os": "other",
            "reboot_required": false,
            "scsihw": "virtio-scsi-pci",
            "searchdomain": "",
            "serial": [],
            "sockets": 1,
            "ssh_forward_ip": null,
            "ssh_host": "192.168.0.45",
            "ssh_port": "22",
            "ssh_private_key": null,
            "ssh_user": null,
            "sshkeys": "",
            "storage": "",
            "storage_type": "",
            "tags": "",
            "target_node": "node1",
            "unused_disk": [],
            "vcpus": 0,
            "vga": [],
            "vlan": -1,
            "vmid": null
          },
          "sensitive_attributes": [],
          "private": "bnVsbA==",
          "dependencies": [
            "data.template_file.user_data",
            "local_file.cloud_init_user_data_file",
            "null_resource.cloud_init_config_files"
          ]
        },
        {
          "index_key": "ceph-node-02",
          "schema_version": 0,
          "attributes": {
            "additional_wait": 15,
            "agent": 1,
            "balloon": 0,
            "bios": "seabios",
            "boot": "cdn",
            "bootdisk": "scsi0",
            "bridge": "",
            "ci_wait": null,
            "cicustom": "user=local:snippets/user_data_vm-ceph-node-02.yml",
            "cipassword": "",
            "ciuser": "",
            "clone": "ci-ubuntu-template",
            "clone_wait": 15,
            "cloudinit_cdrom_storage": null,
            "cores": 8,
            "cpu": "host",
            "default_ipv4_address": "192.168.0.46",
            "define_connection_info": true,
            "desc": "{ \"groups\": [\"ceph-node-02\"] }",
            "disk": [
              {
                "backup": 0,
                "cache": "none",
                "discard": "",
                "file": "vm-114-disk-0",
                "format": "raw",
                "iothread": 0,
                "mbps": 0,
                "mbps_rd": 0,
                "mbps_rd_max": 0,
                "mbps_wr": 0,
                "mbps_wr_max": 0,
                "media": "",
                "replicate": 0,
                "size": "20G",
                "slot": 0,
                "ssd": 0,
                "storage": "ceph-storage",
                "storage_type": "rbd",
                "type": "scsi",
                "volume": "ceph-storage:vm-114-disk-0"
              },
              {
                "backup": 0,
                "cache": "none",
                "discard": "",
                "file": "vm-114-disk-1",
                "format": "raw",
                "iothread": 0,
                "mbps": 0,
                "mbps_rd": 0,
                "mbps_rd_max": 0,
                "mbps_wr": 0,
                "mbps_wr_max": 0,
                "media": "",
                "replicate": 0,
                "size": "20G",
                "slot": 1,
                "ssd": 0,
                "storage": "ceph-storage",
                "storage_type": "rbd",
                "type": "scsi",
                "volume": "ceph-storage:vm-114-disk-1"
              }
            ],
            "disk_gb": 0,
            "force_create": false,
            "force_recreate_on_change_of": null,
            "full_clone": true,
            "guest_agent_ready_timeout": 600,
            "hastate": "",
            "hotplug": "network,disk,usb",
            "id": "node2/qemu/114",
            "ipconfig0": "ip=192.168.0.46/24,gw=192.168.0.254",
            "ipconfig1": "",
            "ipconfig2": "",
            "iso": null,
            "kvm": true,
            "mac": "",
            "memory": 4096,
            "name": "ceph-node-02",
            "nameserver": "",
            "network": [
              {
                "bridge": "vmbr0",
                "firewall": false,
                "link_down": false,
                "macaddr": "FE:02:1F:BB:F8:14",
                "model": "virtio",
                "queues": 0,
                "rate": 0,
                "tag": 4
              }
            ],
            "nic": "",
            "numa": false,
            "onboot": true,
            "os_network_config": null,
            "os_type": "cloud-init",
            "pool": "",
            "preprovision": true,
            "qemu_os": "other",
            "reboot_required": false,
            "scsihw": "virtio-scsi-pci",
            "searchdomain": "",
            "serial": [],
            "sockets": 1,
            "ssh_forward_ip": null,
            "ssh_host": "192.168.0.46",
            "ssh_port": "22",
            "ssh_private_key": null,
            "ssh_user": null,
            "sshkeys": "",
            "storage": "",
            "storage_type": "",
            "tags": "",
            "target_node": "node2",
            "unused_disk": [],
            "vcpus": 0,
            "vga": [],
            "vlan": -1,
            "vmid": null
          },
          "sensitive_attributes": [],
          "private": "bnVsbA==",
          "dependencies": [
            "data.template_file.user_data",
            "local_file.cloud_init_user_data_file",
            "null_resource.cloud_init_config_files"
          ]
        },
        {
          "index_key": "ceph-node-03",
          "schema_version": 0,
          "attributes": {
            "additional_wait": 15,
            "agent": 1,
            "balloon": 0,
            "bios": "seabios",
            "boot": "cdn",
            "bootdisk": "scsi0",
            "bridge": "",
            "ci_wait": null,
            "cicustom": "user=local:snippets/user_data_vm-ceph-node-03.yml",
            "cipassword": "",
            "ciuser": "",
            "clone": "ci-ubuntu-template",
            "clone_wait": 15,
            "cloudinit_cdrom_storage": null,
            "cores": 8,
            "cpu": "host",
            "default_ipv4_address": "192.168.0.47",
            "define_connection_info": true,
            "desc": "{ \"groups\": [\"ceph-node-03\"] }",
            "disk": [
              {
                "backup": 0,
                "cache": "none",
                "discard": "",
                "file": "vm-117-disk-0",
                "format": "raw",
                "iothread": 0,
                "mbps": 0,
                "mbps_rd": 0,
                "mbps_rd_max": 0,
                "mbps_wr": 0,
                "mbps_wr_max": 0,
                "media": "",
                "replicate": 0,
                "size": "20G",
                "slot": 0,
                "ssd": 0,
                "storage": "ceph-storage",
                "storage_type": "rbd",
                "type": "scsi",
                "volume": "ceph-storage:vm-117-disk-0"
              },
              {
                "backup": 0,
                "cache": "none",
                "discard": "",
                "file": "vm-117-disk-1",
                "format": "raw",
                "iothread": 0,
                "mbps": 0,
                "mbps_rd": 0,
                "mbps_rd_max": 0,
                "mbps_wr": 0,
                "mbps_wr_max": 0,
                "media": "",
                "replicate": 0,
                "size": "20G",
                "slot": 1,
                "ssd": 0,
                "storage": "ceph-storage",
                "storage_type": "rbd",
                "type": "scsi",
                "volume": "ceph-storage:vm-117-disk-1"
              }
            ],
            "disk_gb": 0,
            "force_create": false,
            "force_recreate_on_change_of": null,
            "full_clone": true,
            "guest_agent_ready_timeout": 600,
            "hastate": "",
            "hotplug": "network,disk,usb",
            "id": "node3/qemu/117",
            "ipconfig0": "ip=192.168.0.47/24,gw=192.168.0.254",
            "ipconfig1": "",
            "ipconfig2": "",
            "iso": null,
            "kvm": true,
            "mac": "",
            "memory": 4096,
            "name": "ceph-node-03",
            "nameserver": "",
            "network": [
              {
                "bridge": "vmbr0",
                "firewall": false,
                "link_down": false,
                "macaddr": "86:BB:91:EA:89:B0",
                "model": "virtio",
                "queues": 0,
                "rate": 0,
                "tag": 4
              }
            ],
            "nic": "",
            "numa": false,
            "onboot": true,
            "os_network_config": null,
            "os_type": "cloud-init",
            "pool": "",
            "preprovision": true,
            "qemu_os": "other",
            "reboot_required": false,
            "scsihw": "virtio-scsi-pci",
            "searchdomain": "",
            "serial": [],
            "sockets": 1,
            "ssh_forward_ip": null,
            "ssh_host": "192.168.0.47",
            "ssh_port": "22",
            "ssh_private_key": null,
            "ssh_user": null,
            "sshkeys": "",
            "storage": "",
            "storage_type": "",
            "tags": "",
            "target_node": "node3",
            "unused_disk": [],
            "vcpus": 0,
            "vga": [],
            "vlan": -1,
            "vmid": null
          },
          "sensitive_attributes": [],
          "private": "bnVsbA==",
          "dependencies": [
            "data.template_file.user_data",
            "local_file.cloud_init_user_data_file",
            "null_resource.cloud_init_config_files"
          ]
        }
      ]
    }
  ]
}
